// !$*UTF8*$!
{
	archiveVersion = 1;
	classes = {
	};
	objectVersion = 34;
	objects = {
		F5175CB60227D48F01F76013 = {
			isa = PBXFileReference;
			path = GLTest.cpp;
			refType = 4;
		};
		F5175CB70227D48F01F76013 = {
			fileRef = F5175CB60227D48F01F76013;
			isa = PBXBuildFile;
			settings = {
			};
		};
		F5175CB80227D55C01F76013 = {
			isa = PBXFileReference;
			path = GLTest1AppHandler.cpp;
			refType = 4;
		};
		F5175CB90227D55C01F76013 = {
			isa = PBXFileReference;
			path = GLTest1AppHandler.hp;
			refType = 4;
		};
		F5175CBA0227D55C01F76013 = {
			fileRef = F5175CB90227D55C01F76013;
			isa = PBXBuildFile;
			settings = {
			};
		};
		F5175CBB0227D55C01F76013 = {
			fileRef = F5175CB80227D55C01F76013;
			isa = PBXBuildFile;
			settings = {
			};
		};
		F53F7CC602311A0801633C4B = {
			isa = PBXFileReference;
			path = CoreFlex.cpp;
			refType = 4;
		};
		F53F7CC702311A0801633C4B = {
			fileRef = F53F7CC602311A0801633C4B;
			isa = PBXBuildFile;
			settings = {
			};
		};
		F53F7CC802311A0801633C4B = {
			fileRef = F53F7CC602311A0801633C4B;
			isa = PBXBuildFile;
			settings = {
			};
		};
		F53F7CC902311A9701633C4B = {
			isa = PBXFileReference;
			path = CoreFlex.flex;
			refType = 4;
		};
		F53F7CCB02311BB101633C4B = {
			children = (
				F53F7CCC02311BB101633C4B,
			);
			isa = PBXGroup;
			name = flex;
			refType = 4;
		};
		F53F7CCC02311BB101633C4B = {
			isa = PBXFileReference;
			name = libfl.a;
			path = macosx/lib/libfl.a;
			refType = 4;
		};
		F53F7CCF02311BB101633C4B = {
			fileRef = F53F7CCC02311BB101633C4B;
			isa = PBXBuildFile;
			settings = {
			};
		};
		F53F7CD102311BB101633C4B = {
			fileRef = F53F7CCC02311BB101633C4B;
			isa = PBXBuildFile;
			settings = {
			};
		};
		F53F7CD20231394901633C4B = {
			isa = PBXFileReference;
			path = CoreFlex.hp;
			refType = 4;
		};
		F53F7CD30231394901633C4B = {
			fileRef = F53F7CD20231394901633C4B;
			isa = PBXBuildFile;
			settings = {
			};
		};
		F53F7CD40231394901633C4B = {
			fileRef = F53F7CD20231394901633C4B;
			isa = PBXBuildFile;
			settings = {
			};
		};
		F53F7CD802314C8B01633C4B = {
			isa = PBXFileReference;
			path = CoreBison.y;
			refType = 4;
		};
		F53F7CD902314F1301633C4B = {
			isa = PBXFileReference;
			path = CoreBison.cpp;
			refType = 4;
		};
		F53F7CDA02314F1301633C4B = {
			fileRef = F53F7CD902314F1301633C4B;
			isa = PBXBuildFile;
			settings = {
			};
		};
		F53F7CDB02314F1301633C4B = {
			fileRef = F53F7CD902314F1301633C4B;
			isa = PBXBuildFile;
			settings = {
			};
		};
		F53F7CDC023155BC01633C4B = {
			isa = PBXFileReference;
			path = CoreBisonDefs.hp;
			refType = 4;
		};
		F53F7CDD023155BC01633C4B = {
			fileRef = F53F7CDC023155BC01633C4B;
			isa = PBXBuildFile;
			settings = {
			};
		};
		F53F7CDE023155BC01633C4B = {
			fileRef = F53F7CDC023155BC01633C4B;
			isa = PBXBuildFile;
			settings = {
			};
		};
		F53F7CDF02315C2601633C4B = {
			isa = PBXFileReference;
			path = CoreBison.hp;
			refType = 4;
		};
		F53F7CE002315C2601633C4B = {
			fileRef = F53F7CDF02315C2601633C4B;
			isa = PBXBuildFile;
			settings = {
			};
		};
		F53F7CE102315C2701633C4B = {
			fileRef = F53F7CDF02315C2601633C4B;
			isa = PBXBuildFile;
			settings = {
			};
		};
		F540BCB3022B8A1301C02155 = {
			isa = PBXFileReference;
			path = GLTextureSpr.cpp;
			refType = 4;
		};
		F540BCB4022B8A1301C02155 = {
			isa = PBXFileReference;
			path = GLTextureSpr.hp;
			refType = 4;
		};
		F540BCB5022B8A1301C02155 = {
			fileRef = F540BCB4022B8A1301C02155;
			isa = PBXBuildFile;
			settings = {
			};
		};
		F540BCB6022B8A1301C02155 = {
			fileRef = F540BCB3022B8A1301C02155;
			isa = PBXBuildFile;
			settings = {
			};
		};
		F540BCB7022B8B4301C02155 = {
			isa = PBXFileReference;
			path = CoreUtil.hp;
			refType = 4;
		};
		F540BCB8022B8B4301C02155 = {
			fileRef = F540BCB7022B8B4301C02155;
			isa = PBXBuildFile;
			settings = {
			};
		};
		F540BCB9022B8B9C01C02155 = {
			isa = PBXFileReference;
			path = CoreUtil.cpp;
			refType = 4;
		};
		F540BCBA022B8B9C01C02155 = {
			fileRef = F540BCB9022B8B9C01C02155;
			isa = PBXBuildFile;
			settings = {
			};
		};
		F540BCBB022B934001C02155 = {
			isa = PBXFileReference;
			name = test.spr;
			path = test/test.spr;
			refType = 4;
		};
		F540BCBC022BAEFD01C02155 = {
			isa = PBXFileReference;
			path = StreamUtil.cpp;
			refType = 4;
		};
		F540BCBD022BAEFD01C02155 = {
			isa = PBXFileReference;
			path = StreamUtil.hp;
			refType = 4;
		};
		F540BCBE022BAEFE01C02155 = {
			fileRef = F540BCBD022BAEFD01C02155;
			isa = PBXBuildFile;
			settings = {
			};
		};
		F540BCBF022BAEFE01C02155 = {
			fileRef = F540BCBC022BAEFD01C02155;
			isa = PBXBuildFile;
			settings = {
			};
		};
		F5431745020C310101449C4C = {
			buildStyles = (
				F5431747020C310101449C4C,
				F5431748020C310101449C4C,
			);
			isa = PBXProject;
			mainGroup = F5431746020C310101449C4C;
			productRefGroup = F543174C020C336601449C4C;
			projectDirPath = "";
			targets = (
				F56090AD0217DFEF014AEE46,
				F5463A9C0230EA58011D269C,
			);
		};
		F5431746020C310101449C4C = {
			children = (
				F5B25BCA02187072017E032D,
				F543174C020C336601449C4C,
				F56065780216D2C3015AFBD9,
				F5431766020C372901449C4C,
				F5909DAE022822A9013B17EF,
				F545A7D8022C4F440152A3B7,
			);
			isa = PBXGroup;
			refType = 4;
		};
		F5431747020C310101449C4C = {
			buildRules = (
			);
			buildSettings = {
				COPY_PHASE_STRIP = NO;
			};
			isa = PBXBuildStyle;
			name = Development;
		};
		F5431748020C310101449C4C = {
			buildRules = (
			);
			buildSettings = {
				COPY_PHASE_STRIP = YES;
			};
			isa = PBXBuildStyle;
			name = Deployment;
		};
		F543174C020C336601449C4C = {
			children = (
				F56090AC0217DFEF014AEE46,
				F5463A9B0230EA58011D269C,
			);
			isa = PBXGroup;
			name = Products;
			refType = 4;
		};
		F543175F020C355F01449C4C = {
			isa = PBXFileReference;
			name = "libstdc++.a";
			path = "/usr/lib/gcc/darwin/2.95.2/libstdc++.a";
			refType = 0;
		};
		F5431766020C372901449C4C = {
			children = (
				F53F7CCB02311BB101633C4B,
				F543176C020C778501449C4C,
				F56065640216B517015AFBD9,
				F56090E00217E2C7014AEE46,
				F56090D70217E16B014AEE46,
				F543177A020C8D6601449C4C,
			);
			isa = PBXGroup;
			name = Libraries;
			refType = 4;
		};
		F543176C020C778501449C4C = {
			children = (
				F571FA03022820B801CDE23D,
				F571FA04022820B801CDE23D,
			);
			isa = PBXGroup;
			name = Expat;
			path = "";
			refType = 4;
		};
		F543177A020C8D6601449C4C = {
			children = (
				F571FA07022820B801CDE23D,
				F571FA08022820B801CDE23D,
			);
			isa = PBXGroup;
			name = PCRE;
			path = "";
			refType = 4;
		};
		F545A7D7022C0ED70152A3B7 = {
			isa = PBXFileReference;
			name = basicToC.pl;
			path = riscos/basicToC.pl;
			refType = 4;
		};
		F545A7D8022C4F440152A3B7 = {
			children = (
				F545A7D7022C0ED70152A3B7,
				F545A7D9022C4F440152A3B7,
			);
			isa = PBXGroup;
			name = riscos;
			refType = 4;
		};
		F545A7D9022C4F440152A3B7 = {
			isa = PBXFileReference;
			name = BasText.txt;
			path = riscos/BasText.txt;
			refType = 4;
		};
		F545A7DA022C4F440152A3B7 = {
			fileRef = F545A7D7022C0ED70152A3B7;
			isa = PBXBuildFile;
			settings = {
			};
		};
		F545A7DB022C4F440152A3B7 = {
			fileRef = F545A7D9022C4F440152A3B7;
			isa = PBXBuildFile;
			settings = {
			};
		};
		F5463A910230D8E5011D269C = {
			isa = PBXFileReference;
			path = CoreEnv.hp;
			refType = 4;
		};
		F5463A920230D8E5011D269C = {
			fileRef = F5463A910230D8E5011D269C;
			isa = PBXBuildFile;
			settings = {
			};
		};
		F5463A930230D95C011D269C = {
			isa = PBXFileReference;
			path = CoreInterpreter.hp;
			refType = 4;
		};
		F5463A940230D95C011D269C = {
			fileRef = F5463A930230D95C011D269C;
			isa = PBXBuildFile;
			settings = {
			};
		};
		F5463A950230DA65011D269C = {
			isa = PBXFileReference;
			path = CoreCommand.hp;
			refType = 4;
		};
		F5463A960230DA66011D269C = {
			fileRef = F5463A950230DA65011D269C;
			isa = PBXBuildFile;
			settings = {
			};
		};
		F5463A970230DB9A011D269C = {
			isa = PBXFileReference;
			path = CoreCommand.cpp;
			refType = 4;
		};
		F5463A980230DB9A011D269C = {
			fileRef = F5463A970230DB9A011D269C;
			isa = PBXBuildFile;
			settings = {
			};
		};
		F5463A990230DCDC011D269C = {
			isa = PBXFileReference;
			path = CoreInterpreter.cpp;
			refType = 4;
		};
		F5463A9A0230DCDC011D269C = {
			fileRef = F5463A990230DCDC011D269C;
			isa = PBXBuildFile;
			settings = {
			};
		};
		F5463A9B0230EA58011D269C = {
			isa = PBXApplicationReference;
			path = core.app;
			refType = 3;
		};
		F5463A9C0230EA58011D269C = {
			buildPhases = (
				F5463A9D0230EA58011D269C,
				F5463A9E0230EA58011D269C,
				F5463AB40230EA58011D269C,
				F5463AC10230EA58011D269C,
				F5463AC20230EA58011D269C,
			);
			buildSettings = {
				HEADER_SEARCH_PATHS = src/CoreApp;
				LIBRARY_SEARCH_PATHS = "/Volumes/work/sandbox/core-app/macosx/lib /usr/lib/gcc/darwin/2.95.2";
				OTHER_CFLAGS = "";
				OTHER_LDFLAGS = "";
				OTHER_REZFLAGS = "";
				PRODUCT_NAME = core;
				SECTORDER_FLAGS = "";
				WARNING_CFLAGS = "-Wmost -Wno-four-char-constants -Wno-unknown-pragmas";
				WRAPPER_EXTENSION = app;
			};
			dependencies = (
			);
			isa = PBXApplicationTarget;
			name = core;
			productInstallPath = "$(USER_APPS_DIR)";
			productName = core;
			productReference = F5463A9B0230EA58011D269C;
			productSettingsXML = "<?xml version=\"1.0\" encoding=\"UTF-8\"?>
<!DOCTYPE plist SYSTEM \"file://localhost/System/Library/DTDs/PropertyList.dtd\">
<plist version=\"0.9\">
<dict>
	<key>CFBundleDevelopmentRegion</key>
	<string>English</string>
	<key>CFBundleExecutable</key>
	<string></string>
	<key>CFBundleGetInfoString</key>
	<string></string>
	<key>CFBundleIconFile</key>
	<string></string>
	<key>CFBundleIdentifier</key>
	<string></string>
	<key>CFBundleInfoDictionaryVersion</key>
	<string>6.0</string>
	<key>CFBundleName</key>
	<string></string>
	<key>CFBundlePackageType</key>
	<string>APPL</string>
	<key>CFBundleShortVersionString</key>
	<string></string>
	<key>CFBundleSignature</key>
	<string>????</string>
	<key>CFBundleVersion</key>
	<string>0.0.1d1</string>
</dict>
</plist>
";
			shouldUseHeadermap = 0;
		};
		F5463A9D0230EA58011D269C = {
			buildActionMask = 2147483647;
			files = (
				F5463AC40230EE59011D269C,
				F5463AC70230F301011D269C,
			);
			isa = PBXHeadersBuildPhase;
			name = Headers;
		};
		F5463A9E0230EA58011D269C = {
			buildActionMask = 2147483647;
			files = (
				F5463A9F0230EA58011D269C,
				F5463AA00230EA58011D269C,
				F5463AA10230EA58011D269C,
				F5463AA20230EA58011D269C,
				F5463AA30230EA58011D269C,
				F5463AA40230EA58011D269C,
				F5463AA50230EA58011D269C,
				F5463AA60230EA58011D269C,
				F5463AA70230EA58011D269C,
				F5463AA80230EA58011D269C,
				F5463AA90230EA58011D269C,
				F5463AAA0230EA58011D269C,
				F5463AAB0230EA58011D269C,
				F5463AAC0230EA58011D269C,
				F5463AAD0230EA58011D269C,
				F5463AAE0230EA58011D269C,
				F5463AAF0230EA58011D269C,
				F5463AB00230EA58011D269C,
				F5463AB10230EA58011D269C,
				F5463AB20230EA58011D269C,
				F5463AB30230EA58011D269C,
				F53F7CD40231394901633C4B,
				F53F7CDE023155BC01633C4B,
				F53F7CE102315C2701633C4B,
				F567B160023414E001FBD387,
			);
			isa = PBXResourcesBuildPhase;
			name = "Bundle Resources";
		};
		F5463A9F0230EA58011D269C = {
			fileRef = F540BCBD022BAEFD01C02155;
			isa = PBXBuildFile;
			settings = {
			};
		};
		F5463AA00230EA58011D269C = {
			fileRef = F5921CE9021876D70127AF47;
			isa = PBXBuildFile;
			settings = {
			};
		};
		F5463AA10230EA58011D269C = {
			fileRef = F5921CE8021876D70127AF47;
			isa = PBXBuildFile;
			settings = {
			};
		};
		F5463AA20230EA58011D269C = {
			fileRef = F5921CE7021876D70127AF47;
			isa = PBXBuildFile;
			settings = {
			};
		};
		F5463AA30230EA58011D269C = {
			fileRef = F5921CE6021876D70127AF47;
			isa = PBXBuildFile;
			settings = {
			};
		};
		F5463AA40230EA58011D269C = {
			fileRef = F5921CE5021876D70127AF47;
			isa = PBXBuildFile;
			settings = {
			};
		};
		F5463AA50230EA58011D269C = {
			fileRef = F56122550227B8710100557C;
			isa = PBXBuildFile;
			settings = {
			};
		};
		F5463AA60230EA58011D269C = {
			fileRef = F540BCB7022B8B4301C02155;
			isa = PBXBuildFile;
			settings = {
			};
		};
		F5463AA70230EA58011D269C = {
			fileRef = F5921CE4021876D70127AF47;
			isa = PBXBuildFile;
			settings = {
			};
		};
		F5463AA80230EA58011D269C = {
			fileRef = F548851D022F998301D6DA80;
			isa = PBXBuildFile;
			settings = {
			};
		};
		F5463AA90230EA58011D269C = {
			fileRef = F5921CE3021876D70127AF47;
			isa = PBXBuildFile;
			settings = {
			};
		};
		F5463AAA0230EA58011D269C = {
			fileRef = F5463A930230D95C011D269C;
			isa = PBXBuildFile;
			settings = {
			};
		};
		F5463AAB0230EA58011D269C = {
			fileRef = F548851F022F9B1601D6DA80;
			isa = PBXBuildFile;
			settings = {
			};
		};
		F5463AAC0230EA58011D269C = {
			fileRef = F5488521022F9D8201D6DA80;
			isa = PBXBuildFile;
			settings = {
			};
		};
		F5463AAD0230EA58011D269C = {
			fileRef = F5463A910230D8E5011D269C;
			isa = PBXBuildFile;
			settings = {
			};
		};
		F5463AAE0230EA58011D269C = {
			fileRef = F5463A950230DA65011D269C;
			isa = PBXBuildFile;
			settings = {
			};
		};
		F5463AAF0230EA58011D269C = {
			fileRef = F5921CE2021876D70127AF47;
			isa = PBXBuildFile;
			settings = {
			};
		};
		F5463AB00230EA58011D269C = {
			fileRef = F5921CE1021876D70127AF47;
			isa = PBXBuildFile;
			settings = {
			};
		};
		F5463AB10230EA58011D269C = {
			fileRef = F5921CE0021876D70127AF47;
			isa = PBXBuildFile;
			settings = {
			};
		};
		F5463AB20230EA58011D269C = {
			fileRef = F5921CDF021876D70127AF47;
			isa = PBXBuildFile;
			settings = {
			};
		};
		F5463AB30230EA58011D269C = {
			fileRef = F56122530227A7020100557C;
			isa = PBXBuildFile;
			settings = {
			};
		};
		F5463AB40230EA58011D269C = {
			buildActionMask = 2147483647;
			files = (
				F5463AB50230EA58011D269C,
				F5463AB60230EA58011D269C,
				F5463AB70230EA58011D269C,
				F5463AB80230EA58011D269C,
				F5463AB90230EA58011D269C,
				F5463ABA0230EA58011D269C,
				F5463ABB0230EA58011D269C,
				F5463ABC0230EA58011D269C,
				F5463ABD0230EA58011D269C,
				F5463ABE0230EA58011D269C,
				F5463ABF0230EA58011D269C,
				F5463AC00230EA58011D269C,
				F5463AC90230F310011D269C,
				F53F7CC802311A0801633C4B,
				F53F7CDB02314F1301633C4B,
				F567B1630234179C01FBD387,
			);
			isa = PBXSourcesBuildPhase;
			name = Sources;
		};
		F5463AB50230EA58011D269C = {
			fileRef = F540BCBC022BAEFD01C02155;
			isa = PBXBuildFile;
			settings = {
			};
		};
		F5463AB60230EA58011D269C = {
			fileRef = F5921CEF021876D70127AF47;
			isa = PBXBuildFile;
			settings = {
			};
		};
		F5463AB70230EA58011D269C = {
			fileRef = F5921CEE021876D70127AF47;
			isa = PBXBuildFile;
			settings = {
			};
		};
		F5463AB80230EA58011D269C = {
			fileRef = F5921CED021876D70127AF47;
			isa = PBXBuildFile;
			settings = {
			};
		};
		F5463AB90230EA58011D269C = {
			fileRef = F540BCB9022B8B9C01C02155;
			isa = PBXBuildFile;
			settings = {
			};
		};
		F5463ABA0230EA58011D269C = {
			fileRef = F548851B022F992901D6DA80;
			isa = PBXBuildFile;
			settings = {
			};
		};
		F5463ABB0230EA58011D269C = {
			fileRef = F5463A990230DCDC011D269C;
			isa = PBXBuildFile;
			settings = {
			};
		};
		F5463ABC0230EA58011D269C = {
			fileRef = F5463A970230DB9A011D269C;
			isa = PBXBuildFile;
			settings = {
			};
		};
		F5463ABD0230EA58011D269C = {
			fileRef = F5921CEC021876D70127AF47;
			isa = PBXBuildFile;
			settings = {
			};
		};
		F5463ABE0230EA58011D269C = {
			fileRef = F5921CEB021876D70127AF47;
			isa = PBXBuildFile;
			settings = {
			};
		};
		F5463ABF0230EA58011D269C = {
			fileRef = F5921CEA021876D70127AF47;
			isa = PBXBuildFile;
			settings = {
			};
		};
		F5463AC00230EA58011D269C = {
			fileRef = F56122510227A6DF0100557C;
			isa = PBXBuildFile;
			settings = {
			};
		};
		F5463AC10230EA58011D269C = {
			buildActionMask = 2147483647;
			files = (
				F5463AC50230EE59011D269C,
				F5463AC60230EE59011D269C,
				F5463AC80230F301011D269C,
				F53F7CD102311BB101633C4B,
			);
			isa = PBXFrameworksBuildPhase;
			name = "Frameworks & Libraries";
		};
		F5463AC20230EA58011D269C = {
			buildActionMask = 2147483647;
			files = (
			);
			isa = PBXRezBuildPhase;
			name = "ResourceManager Resources";
		};
		F5463AC40230EE59011D269C = {
			fileRef = F571FA03022820B801CDE23D;
			isa = PBXBuildFile;
			settings = {
			};
		};
		F5463AC50230EE59011D269C = {
			fileRef = F571FA04022820B801CDE23D;
			isa = PBXBuildFile;
			settings = {
			};
		};
		F5463AC60230EE59011D269C = {
			fileRef = F543175F020C355F01449C4C;
			isa = PBXBuildFile;
			settings = {
			};
		};
		F5463AC70230F301011D269C = {
			fileRef = F571FA07022820B801CDE23D;
			isa = PBXBuildFile;
			settings = {
			};
		};
		F5463AC80230F301011D269C = {
			fileRef = F571FA08022820B801CDE23D;
			isa = PBXBuildFile;
			settings = {
			};
		};
		F5463AC90230F310011D269C = {
			fileRef = F5B25BD202187072017E032D;
			isa = PBXBuildFile;
			settings = {
			};
		};
		F548851B022F992901D6DA80 = {
			isa = PBXFileReference;
			path = CoreScript.cpp;
			refType = 4;
		};
		F548851C022F992901D6DA80 = {
			fileRef = F548851B022F992901D6DA80;
			isa = PBXBuildFile;
			settings = {
			};
		};
		F548851D022F998301D6DA80 = {
			isa = PBXFileReference;
			path = CoreScript.hp;
			refType = 4;
		};
		F548851E022F998301D6DA80 = {
			fileRef = F548851D022F998301D6DA80;
			isa = PBXBuildFile;
			settings = {
			};
		};
		F548851F022F9B1601D6DA80 = {
			isa = PBXFileReference;
			path = CoreFunction.hp;
			refType = 4;
		};
		F5488520022F9B1601D6DA80 = {
			fileRef = F548851F022F9B1601D6DA80;
			isa = PBXBuildFile;
			settings = {
			};
		};
		F5488521022F9D8201D6DA80 = {
			isa = PBXFileReference;
			path = CoreException.hp;
			refType = 4;
		};
		F5488522022F9D8201D6DA80 = {
			fileRef = F5488521022F9D8201D6DA80;
			isa = PBXBuildFile;
			settings = {
			};
		};
		F56065640216B517015AFBD9 = {
			children = (
				F571FA06022820B801CDE23D,
				F571FA05022820B801CDE23D,
			);
			isa = PBXGroup;
			name = libungif;
			refType = 4;
		};
		F56065780216D2C3015AFBD9 = {
			children = (
				F56065800216D5B4015AFBD9,
			);
			isa = PBXGroup;
			name = Frameworks;
			path = "";
			refType = 4;
		};
		F56065800216D5B4015AFBD9 = {
			isa = PBXFrameworkReference;
			name = GLUT.framework;
			path = /System/Library/Frameworks/GLUT.framework;
			refType = 0;
		};
		F56090AC0217DFEF014AEE46 = {
			isa = PBXApplicationReference;
			path = "core-app.app";
			refType = 3;
		};
		F56090AD0217DFEF014AEE46 = {
			buildPhases = (
				F56090AE0217DFEF014AEE46,
				F56090AF0217DFEF014AEE46,
				F56090B00217DFEF014AEE46,
				F56090B10217DFEF014AEE46,
				F56090B20217DFEF014AEE46,
			);
			buildSettings = {
				HEADER_SEARCH_PATHS = src/CoreApp;
				LIBRARY_SEARCH_PATHS = "/Volumes/work/expat/lib /usr/lib/gcc/darwin/2.95.2 /Volumes/work/libungif/lib /Volumes/work/PCRE/lib \"$(SYSTEM_LIBRARY_DIR)/Frameworks/OpenGL.framework/Versions/A/Libraries\" /Volumes/work/sandbox/core-app/macosx/lib";
				OPTIMIZATION_CFLAGS = "-O0";
				OTHER_CFLAGS = "";
				OTHER_LDFLAGS = "";
				OTHER_REZFLAGS = "";
				PRODUCT_NAME = "core-app";
				SECTORDER_FLAGS = "";
				WARNING_CFLAGS = "-Wmost -Wno-four-char-constants -Wno-unknown-pragmas";
				WRAPPER_EXTENSION = app;
			};
			dependencies = (
			);
			isa = PBXApplicationTarget;
			name = "core-app";
			productInstallPath = "$(USER_APPS_DIR)";
			productName = "core-app";
			productReference = F56090AC0217DFEF014AEE46;
			productSettingsXML = "<?xml version=\"1.0\" encoding=\"UTF-8\"?>
<!DOCTYPE plist SYSTEM \"file://localhost/System/Library/DTDs/PropertyList.dtd\">
<plist version=\"0.9\">
<dict>
	<key>CFBundleDevelopmentRegion</key>
	<string>English</string>
	<key>CFBundleExecutable</key>
	<string></string>
	<key>CFBundleGetInfoString</key>
	<string></string>
	<key>CFBundleIconFile</key>
	<string></string>
	<key>CFBundleIdentifier</key>
	<string></string>
	<key>CFBundleInfoDictionaryVersion</key>
	<string>6.0</string>
	<key>CFBundleName</key>
	<string></string>
	<key>CFBundlePackageType</key>
	<string>APPL</string>
	<key>CFBundleShortVersionString</key>
	<string></string>
	<key>CFBundleSignature</key>
	<string>????</string>
	<key>CFBundleVersion</key>
	<string>0.0.1d1</string>
</dict>
</plist>
";
			shouldUseHeadermap = 0;
		};
		F56090AE0217DFEF014AEE46 = {
			buildActionMask = 2147483647;
			files = (
				F571FA09022820B801CDE23D,
				F571FA0A022820B801CDE23D,
				F571FA0B022820B801CDE23D,
			);
			isa = PBXHeadersBuildPhase;
			name = Headers;
		};
		F56090AF0217DFEF014AEE46 = {
			buildActionMask = 2147483647;
			files = (
				F56090E10217E2C7014AEE46,
				F5B25BEA02187072017E032D,
				F5B25BEB02187072017E032D,
				F5B25BEC02187072017E032D,
				F5B25BF802187072017E032D,
				F5B25BF902187072017E032D,
				F5921CF0021876D70127AF47,
				F5921CF1021876D70127AF47,
				F5921CF2021876D70127AF47,
				F5921CF3021876D70127AF47,
				F5921CF4021876D70127AF47,
				F5921CF5021876D70127AF47,
				F5921CF6021876D70127AF47,
				F5921CF7021876D70127AF47,
				F5921CF8021876D70127AF47,
				F5921CF9021876D70127AF47,
				F5921CFA021876D70127AF47,
				F56F91A60221A823011355B6,
				F56F91AA0221AA94011355B6,
				F56122540227A7020100557C,
				F56122560227B8710100557C,
				F56122580227BA790100557C,
				F5175CBA0227D55C01F76013,
				F56353FF022AE34E015CEA2E,
				F540BCB5022B8A1301C02155,
				F540BCB8022B8B4301C02155,
				F540BCBE022BAEFE01C02155,
				F545A7DA022C4F440152A3B7,
				F545A7DB022C4F440152A3B7,
				F548851E022F998301D6DA80,
				F5488520022F9B1601D6DA80,
				F5488522022F9D8201D6DA80,
				F5463A920230D8E5011D269C,
				F5463A940230D95C011D269C,
				F5463A960230DA66011D269C,
				F53F7CD30231394901633C4B,
				F53F7CDD023155BC01633C4B,
				F53F7CE002315C2601633C4B,
				F567B15F023414E001FBD387,
			);
			isa = PBXResourcesBuildPhase;
			name = "Bundle Resources";
		};
		F56090B00217DFEF014AEE46 = {
			buildActionMask = 2147483647;
			files = (
				F5B25BFA02187072017E032D,
				F5B25BFB02187072017E032D,
				F5B25BFC02187072017E032D,
				F5B25C0302187072017E032D,
				F5B25C0402187072017E032D,
				F5921CFB021876D70127AF47,
				F5921CFC021876D70127AF47,
				F5921CFD021876D70127AF47,
				F5921CFE021876D70127AF47,
				F5921CFF021876D70127AF47,
				F5921D00021876D70127AF47,
				F56F91A80221A926011355B6,
				F56F91AC0221AC0F011355B6,
				F56122520227A6E00100557C,
				F5175CB70227D48F01F76013,
				F5175CBB0227D55C01F76013,
				F56353FD022AE330015CEA2E,
				F540BCB6022B8A1301C02155,
				F540BCBA022B8B9C01C02155,
				F540BCBF022BAEFE01C02155,
				F548851C022F992901D6DA80,
				F5463A980230DB9A011D269C,
				F5463A9A0230DCDC011D269C,
				F53F7CC702311A0801633C4B,
				F53F7CDA02314F1301633C4B,
				F567B1620234179C01FBD387,
			);
			isa = PBXSourcesBuildPhase;
			name = Sources;
		};
		F56090B10217DFEF014AEE46 = {
			buildActionMask = 2147483647;
			files = (
				F56090D40217E085014AEE46,
				F56090DC0217E16B014AEE46,
				F56090DD0217E16B014AEE46,
				F56090DF0217E20A014AEE46,
				F5B25C05021872D7017E032D,
				F571FA0C022820B801CDE23D,
				F571FA0D022820B801CDE23D,
				F571FA0E022820B801CDE23D,
				F53F7CCF02311BB101633C4B,
			);
			isa = PBXFrameworksBuildPhase;
			name = "Frameworks & Libraries";
		};
		F56090B20217DFEF014AEE46 = {
			buildActionMask = 2147483647;
			files = (
			);
			isa = PBXRezBuildPhase;
			name = "ResourceManager Resources";
		};
		F56090D40217E085014AEE46 = {
			fileRef = F543175F020C355F01449C4C;
			isa = PBXBuildFile;
			settings = {
			};
		};
		F56090D70217E16B014AEE46 = {
			children = (
				F56090D80217E16B014AEE46,
				F56090DB0217E16B014AEE46,
			);
			isa = PBXGroup;
			name = OpenGL;
			path = /System/Library/Frameworks/OpenGL.framework/Versions/A/Libraries;
			refType = 0;
		};
		F56090D80217E16B014AEE46 = {
			isa = PBXFileReference;
			path = libGL.dylib;
			refType = 4;
		};
		F56090DB0217E16B014AEE46 = {
			isa = PBXFileReference;
			path = libGLU.dylib;
			refType = 4;
		};
		F56090DC0217E16B014AEE46 = {
			fileRef = F56090D80217E16B014AEE46;
			isa = PBXBuildFile;
			settings = {
			};
		};
		F56090DD0217E16B014AEE46 = {
			fileRef = F56090DB0217E16B014AEE46;
			isa = PBXBuildFile;
			settings = {
			};
		};
		F56090DE0217E20A014AEE46 = {
			isa = PBXFileReference;
			name = libobjc.A.dylib;
			path = /usr/lib/libobjc.A.dylib;
			refType = 0;
		};
		F56090DF0217E20A014AEE46 = {
			fileRef = F56090DE0217E20A014AEE46;
			isa = PBXBuildFile;
			settings = {
			};
		};
		F56090E00217E2C7014AEE46 = {
			children = (
				F543175F020C355F01449C4C,
				F56090DE0217E20A014AEE46,
			);
			isa = PBXGroup;
			name = Standard;
			refType = 4;
		};
		F56090E10217E2C7014AEE46 = {
			fileRef = F56090AC0217DFEF014AEE46;
			isa = PBXBuildFile;
			settings = {
			};
		};
		F56122510227A6DF0100557C = {
			isa = PBXFileReference;
			path = AutoMonkey.cpp;
			refType = 4;
		};
		F56122520227A6E00100557C = {
			fileRef = F56122510227A6DF0100557C;
			isa = PBXBuildFile;
			settings = {
			};
		};
		F56122530227A7020100557C = {
			isa = PBXFileReference;
			path = AutoMonkey.hp;
			refType = 4;
		};
		F56122540227A7020100557C = {
			fileRef = F56122530227A7020100557C;
			isa = PBXBuildFile;
			settings = {
			};
		};
		F56122550227B8710100557C = {
			isa = PBXFileReference;
			path = CoreTest.hp;
			refType = 4;
		};
		F56122560227B8710100557C = {
			fileRef = F56122550227B8710100557C;
			isa = PBXBuildFile;
			settings = {
			};
		};
		F56122570227BA790100557C = {
			isa = PBXFileReference;
			path = GLTest.hp;
			refType = 4;
		};
		F56122580227BA790100557C = {
			fileRef = F56122570227BA790100557C;
			isa = PBXBuildFile;
			settings = {
			};
		};
		F56353FC022AE32F015CEA2E = {
			isa = PBXFileReference;
			path = GLTextureGIF.cpp;
			refType = 4;
		};
		F56353FD022AE330015CEA2E = {
			fileRef = F56353FC022AE32F015CEA2E;
			isa = PBXBuildFile;
			settings = {
			};
		};
		F56353FE022AE34E015CEA2E = {
			isa = PBXFileReference;
			path = GLTextureGIF.hp;
			refType = 4;
		};
		F56353FF022AE34E015CEA2E = {
			fileRef = F56353FE022AE34E015CEA2E;
			isa = PBXBuildFile;
			settings = {
			};
		};
		F567B15E023414E001FBD387 = {
			isa = PBXFileReference;
			path = CoreScalar.hp;
			refType = 4;
		};
		F567B15F023414E001FBD387 = {
			fileRef = F567B15E023414E001FBD387;
			isa = PBXBuildFile;
			settings = {
			};
		};
		F567B160023414E001FBD387 = {
			fileRef = F567B15E023414E001FBD387;
			isa = PBXBuildFile;
			settings = {
			};
		};
		F567B1610234179C01FBD387 = {
			isa = PBXFileReference;
			path = CoreScalar.cpp;
			refType = 4;
		};
		F567B1620234179C01FBD387 = {
			fileRef = F567B1610234179C01FBD387;
			isa = PBXBuildFile;
			settings = {
			};
		};
		F567B1630234179C01FBD387 = {
			fileRef = F567B1610234179C01FBD387;
			isa = PBXBuildFile;
			settings = {
			};
		};
		F56F91A50221A823011355B6 = {
			isa = PBXFileReference;
			path = GLData.hp;
			refType = 4;
		};
		F56F91A60221A823011355B6 = {
			fileRef = F56F91A50221A823011355B6;
			isa = PBXBuildFile;
			settings = {
			};
		};
		F56F91A70221A926011355B6 = {
			isa = PBXFileReference;
			path = GLData.cpp;
			refType = 4;
		};
		F56F91A80221A926011355B6 = {
			fileRef = F56F91A70221A926011355B6;
			isa = PBXBuildFile;
			settings = {
			};
		};
		F56F91A90221AA94011355B6 = {
			isa = PBXFileReference;
			path = GLTexture.hp;
			refType = 4;
		};
		F56F91AA0221AA94011355B6 = {
			fileRef = F56F91A90221AA94011355B6;
			isa = PBXBuildFile;
			settings = {
			};
		};
		F56F91AB0221AC0F011355B6 = {
			isa = PBXFileReference;
			path = GLTexture.cpp;
			refType = 4;
		};
		F56F91AC0221AC0F011355B6 = {
			fileRef = F56F91AB0221AC0F011355B6;
			isa = PBXBuildFile;
			settings = {
			};
		};
		F571FA03022820B801CDE23D = {
			isa = PBXFileReference;
			name = expat.h;
			path = macosx/include/expat.h;
			refType = 4;
		};
		F571FA04022820B801CDE23D = {
			isa = PBXFileReference;
			name = libexpat.a;
			path = macosx/lib/libexpat.a;
			refType = 4;
		};
		F571FA05022820B801CDE23D = {
			isa = PBXFileReference;
			name = libungif.a;
			path = macosx/lib/libungif.a;
			refType = 4;
		};
		F571FA06022820B801CDE23D = {
			isa = PBXFileReference;
			name = gif_lib.h;
			path = macosx/include/gif_lib.h;
			refType = 4;
		};
		F571FA07022820B801CDE23D = {
			isa = PBXFileReference;
			name = pcre.h;
			path = macosx/include/pcre.h;
			refType = 4;
		};
		F571FA08022820B801CDE23D = {
			isa = PBXFileReference;
			name = libpcre.a;
			path = macosx/lib/libpcre.a;
			refType = 4;
		};
		F571FA09022820B801CDE23D = {
			fileRef = F571FA03022820B801CDE23D;
			isa = PBXBuildFile;
			settings = {
			};
		};
		F571FA0A022820B801CDE23D = {
			fileRef = F571FA06022820B801CDE23D;
			isa = PBXBuildFile;
			settings = {
			};
		};
		F571FA0B022820B801CDE23D = {
			fileRef = F571FA07022820B801CDE23D;
			isa = PBXBuildFile;
			settings = {
			};
		};
		F571FA0C022820B801CDE23D = {
			fileRef = F571FA04022820B801CDE23D;
			isa = PBXBuildFile;
			settings = {
			};
		};
		F571FA0D022820B801CDE23D = {
			fileRef = F571FA08022820B801CDE23D;
			isa = PBXBuildFile;
			settings = {
			};
		};
		F571FA0E022820B801CDE23D = {
			fileRef = F571FA05022820B801CDE23D;
			isa = PBXBuildFile;
			settings = {
			};
		};
		F5909DAE022822A9013B17EF = {
			children = (
				F5909DAF022822A9013B17EF,
				F540BCBB022B934001C02155,
			);
			isa = PBXGroup;
			name = test;
			refType = 4;
		};
		F5909DAF022822A9013B17EF = {
			isa = PBXFileReference;
			name = test.gif;
			path = test/test.gif;
			refType = 4;
		};
		F5921CDE021876D70127AF47 = {
			children = (
				F56122530227A7020100557C,
				F56122510227A6DF0100557C,
				F5921CEA021876D70127AF47,
				F5921CDF021876D70127AF47,
				F5921CE0021876D70127AF47,
				F5921CEB021876D70127AF47,
				F5921CE1021876D70127AF47,
				F5921CEC021876D70127AF47,
				F5921CE2021876D70127AF47,
				F53F7CD902314F1301633C4B,
				F53F7CDF02315C2601633C4B,
				F53F7CDC023155BC01633C4B,
				F53F7CD802314C8B01633C4B,
				F5463A970230DB9A011D269C,
				F5463A950230DA65011D269C,
				F5463A910230D8E5011D269C,
				F5488521022F9D8201D6DA80,
				F53F7CC602311A0801633C4B,
				F53F7CD20231394901633C4B,
				F53F7CC902311A9701633C4B,
				F548851F022F9B1601D6DA80,
				F5463A990230DCDC011D269C,
				F5463A930230D95C011D269C,
				F5921CE3021876D70127AF47,
				F567B1610234179C01FBD387,
				F567B15E023414E001FBD387,
				F548851B022F992901D6DA80,
				F548851D022F998301D6DA80,
				F5921CE4021876D70127AF47,
				F540BCB9022B8B9C01C02155,
				F540BCB7022B8B4301C02155,
				F56122550227B8710100557C,
				F5921CE5021876D70127AF47,
				F5921CED021876D70127AF47,
				F5921CE6021876D70127AF47,
				F5921CE7021876D70127AF47,
				F5921CEE021876D70127AF47,
				F5921CE8021876D70127AF47,
				F5921CEF021876D70127AF47,
				F5921CE9021876D70127AF47,
				F540BCBC022BAEFD01C02155,
				F540BCBD022BAEFD01C02155,
			);
			isa = PBXGroup;
			path = CoreApp;
			refType = 4;
		};
		F5921CDF021876D70127AF47 = {
			isa = PBXFileReference;
			path = ChildRecord.hp;
			refType = 4;
		};
		F5921CE0021876D70127AF47 = {
			isa = PBXFileReference;
			path = CommandHandler.hp;
			refType = 4;
		};
		F5921CE1021876D70127AF47 = {
			isa = PBXFileReference;
			path = CoreApp.hp;
			refType = 4;
		};
		F5921CE2021876D70127AF47 = {
			isa = PBXFileReference;
			path = CoreAppHandler.hp;
			refType = 4;
		};
		F5921CE3021876D70127AF47 = {
			isa = PBXFileReference;
			path = CorePOSIX.hp;
			refType = 4;
		};
		F5921CE4021876D70127AF47 = {
			isa = PBXFileReference;
			path = CoreStandard.hp;
			refType = 4;
		};
		F5921CE5021876D70127AF47 = {
			isa = PBXFileReference;
			path = CoreXML.hp;
			refType = 4;
		};
		F5921CE6021876D70127AF47 = {
			isa = PBXFileReference;
			path = Dataset.hp;
			refType = 4;
		};
		F5921CE7021876D70127AF47 = {
			isa = PBXFileReference;
			path = Installer.hp;
			refType = 4;
		};
		F5921CE8021876D70127AF47 = {
			isa = PBXFileReference;
			path = LaunchCommandHandler.hp;
			refType = 4;
		};
		F5921CE9021876D70127AF47 = {
			isa = PBXFileReference;
			path = RegExp.hp;
			refType = 4;
		};
		F5921CEA021876D70127AF47 = {
			isa = PBXFileReference;
			path = ChildRecord.cpp;
			refType = 4;
		};
		F5921CEB021876D70127AF47 = {
			isa = PBXFileReference;
			path = CoreApp.cpp;
			refType = 4;
		};
		F5921CEC021876D70127AF47 = {
			isa = PBXFileReference;
			path = CoreAppHandler.cpp;
			refType = 4;
		};
		F5921CED021876D70127AF47 = {
			isa = PBXFileReference;
			path = DataSet.cpp;
			refType = 4;
		};
		F5921CEE021876D70127AF47 = {
			isa = PBXFileReference;
			path = LaunchCommandHandler.cpp;
			refType = 4;
		};
		F5921CEF021876D70127AF47 = {
			isa = PBXFileReference;
			path = RegExp.cpp;
			refType = 4;
		};
		F5921CF0021876D70127AF47 = {
			fileRef = F5921CDF021876D70127AF47;
			isa = PBXBuildFile;
			settings = {
			};
		};
		F5921CF1021876D70127AF47 = {
			fileRef = F5921CE0021876D70127AF47;
			isa = PBXBuildFile;
			settings = {
			};
		};
		F5921CF2021876D70127AF47 = {
			fileRef = F5921CE1021876D70127AF47;
			isa = PBXBuildFile;
			settings = {
			};
		};
		F5921CF3021876D70127AF47 = {
			fileRef = F5921CE2021876D70127AF47;
			isa = PBXBuildFile;
			settings = {
			};
		};
		F5921CF4021876D70127AF47 = {
			fileRef = F5921CE3021876D70127AF47;
			isa = PBXBuildFile;
			settings = {
			};
		};
		F5921CF5021876D70127AF47 = {
			fileRef = F5921CE4021876D70127AF47;
			isa = PBXBuildFile;
			settings = {
			};
		};
		F5921CF6021876D70127AF47 = {
			fileRef = F5921CE5021876D70127AF47;
			isa = PBXBuildFile;
			settings = {
			};
		};
		F5921CF7021876D70127AF47 = {
			fileRef = F5921CE6021876D70127AF47;
			isa = PBXBuildFile;
			settings = {
			};
		};
		F5921CF8021876D70127AF47 = {
			fileRef = F5921CE7021876D70127AF47;
			isa = PBXBuildFile;
			settings = {
			};
		};
		F5921CF9021876D70127AF47 = {
			fileRef = F5921CE8021876D70127AF47;
			isa = PBXBuildFile;
			settings = {
			};
		};
		F5921CFA021876D70127AF47 = {
			fileRef = F5921CE9021876D70127AF47;
			isa = PBXBuildFile;
			settings = {
			};
		};
		F5921CFB021876D70127AF47 = {
			fileRef = F5921CEA021876D70127AF47;
			isa = PBXBuildFile;
			settings = {
			};
		};
		F5921CFC021876D70127AF47 = {
			fileRef = F5921CEB021876D70127AF47;
			isa = PBXBuildFile;
			settings = {
			};
		};
		F5921CFD021876D70127AF47 = {
			fileRef = F5921CEC021876D70127AF47;
			isa = PBXBuildFile;
			settings = {
			};
		};
		F5921CFE021876D70127AF47 = {
			fileRef = F5921CED021876D70127AF47;
			isa = PBXBuildFile;
			settings = {
			};
		};
		F5921CFF021876D70127AF47 = {
			fileRef = F5921CEE021876D70127AF47;
			isa = PBXBuildFile;
			settings = {
			};
		};
		F5921D00021876D70127AF47 = {
			fileRef = F5921CEF021876D70127AF47;
			isa = PBXBuildFile;
			settings = {
			};
		};
		F5B25BCA02187072017E032D = {
			children = (
				F5921CDE021876D70127AF47,
				F5B25BCB02187072017E032D,
				F5B25BD102187072017E032D,
				F5B25BE502187072017E032D,
			);
			isa = PBXGroup;
			path = src;
			refType = 4;
		};
		F5B25BCB02187072017E032D = {
			children = (
				F5B25BCC02187072017E032D,
				F5B25BCD02187072017E032D,
				F5B25BCE02187072017E032D,
				F5B25BCF02187072017E032D,
				F5B25BD002187072017E032D,
				F56F91A70221A926011355B6,
				F56F91A50221A823011355B6,
				F56122570227BA790100557C,
				F5175CB60227D48F01F76013,
				F5175CB80227D55C01F76013,
				F5175CB90227D55C01F76013,
				F56F91AB0221AC0F011355B6,
				F56F91A90221AA94011355B6,
				F56353FC022AE32F015CEA2E,
				F56353FE022AE34E015CEA2E,
				F540BCB3022B8A1301C02155,
				F540BCB4022B8A1301C02155,
			);
			isa = PBXGroup;
			path = GL;
			refType = 4;
		};
		F5B25BCC02187072017E032D = {
			isa = PBXFileReference;
			path = GLAppHandler.cpp;
			refType = 4;
		};
		F5B25BCD02187072017E032D = {
			isa = PBXFileReference;
			path = GLAppHandler.hp;
			refType = 4;
		};
		F5B25BCE02187072017E032D = {
			isa = PBXFileReference;
			path = GLCommandHandler.cpp;
			refType = 4;
		};
		F5B25BCF02187072017E032D = {
			isa = PBXFileReference;
			path = GLCommandHandler.hp;
			refType = 4;
		};
		F5B25BD002187072017E032D = {
			isa = PBXFileReference;
			path = GLStandard.hp;
			refType = 4;
		};
		F5B25BD102187072017E032D = {
			children = (
				F5B25BD202187072017E032D,
			);
			isa = PBXGroup;
			path = Main;
			refType = 4;
		};
		F5B25BD202187072017E032D = {
			isa = PBXFileReference;
			path = main.cpp;
			refType = 4;
		};
		F5B25BE502187072017E032D = {
			children = (
				F5B25BE602187072017E032D,
				F5B25BE702187072017E032D,
				F5B25BE802187072017E032D,
				F5B25BE902187072017E032D,
			);
			isa = PBXGroup;
			path = Test;
			refType = 4;
		};
		F5B25BE602187072017E032D = {
			isa = PBXFileReference;
			path = Test.cpp;
			refType = 4;
		};
		F5B25BE702187072017E032D = {
			isa = PBXFileReference;
			path = Test.hp;
			refType = 4;
		};
		F5B25BE802187072017E032D = {
			isa = PBXFileReference;
			path = TestCommandHandler.cpp;
			refType = 4;
		};
		F5B25BE902187072017E032D = {
			isa = PBXFileReference;
			path = TestCommandHandler.hp;
			refType = 4;
		};
		F5B25BEA02187072017E032D = {
			fileRef = F5B25BCD02187072017E032D;
			isa = PBXBuildFile;
			settings = {
			};
		};
		F5B25BEB02187072017E032D = {
			fileRef = F5B25BCF02187072017E032D;
			isa = PBXBuildFile;
			settings = {
			};
		};
		F5B25BEC02187072017E032D = {
			fileRef = F5B25BD002187072017E032D;
			isa = PBXBuildFile;
			settings = {
			};
		};
		F5B25BF802187072017E032D = {
			fileRef = F5B25BE702187072017E032D;
			isa = PBXBuildFile;
			settings = {
			};
		};
		F5B25BF902187072017E032D = {
			fileRef = F5B25BE902187072017E032D;
			isa = PBXBuildFile;
			settings = {
			};
		};
		F5B25BFA02187072017E032D = {
			fileRef = F5B25BCC02187072017E032D;
			isa = PBXBuildFile;
			settings = {
			};
		};
		F5B25BFB02187072017E032D = {
			fileRef = F5B25BCE02187072017E032D;
			isa = PBXBuildFile;
			settings = {
			};
		};
		F5B25BFC02187072017E032D = {
			fileRef = F5B25BD202187072017E032D;
			isa = PBXBuildFile;
			settings = {
			};
		};
		F5B25C0302187072017E032D = {
			fileRef = F5B25BE602187072017E032D;
			isa = PBXBuildFile;
			settings = {
			};
		};
		F5B25C0402187072017E032D = {
			fileRef = F5B25BE802187072017E032D;
			isa = PBXBuildFile;
			settings = {
			};
		};
		F5B25C05021872D7017E032D = {
			fileRef = F56065800216D5B4015AFBD9;
			isa = PBXBuildFile;
			settings = {
			};
		};
	};
	rootObject = F5431745020C310101449C4C;
}
